<?xml version="1.0" encoding="utf-8"?>
<Project ToolsVersion="4.0" xmlns="http://schemas.microsoft.com/developer/msbuild/2003">
  <ItemGroup>
    <Filter Include="Source Files">
      <UniqueIdentifier>{4FC737F1-C7A5-4376-A066-2A32D752A2FF}</UniqueIdentifier>
      <Extensions>cpp;c;cc;cxx;def;odl;idl;hpj;bat;asm;asmx</Extensions>
    </Filter>
    <Filter Include="Header Files">
      <UniqueIdentifier>{93995380-89BD-4b04-88EB-625FBE52EBFB}</UniqueIdentifier>
      <Extensions>h;hh;hpp;hxx;hm;inl;inc;ipp;xsd</Extensions>
    </Filter>
    <Filter Include="Resource Files">
      <UniqueIdentifier>{67DA6AB6-F800-4c08-8B7A-83BB121AAD01}</UniqueIdentifier>
      <Extensions>rc;ico;cur;bmp;dlg;rc2;rct;bin;rgs;gif;jpg;jpeg;jpe;resx;tiff;tif;png;wav;mfcribbon-ms</Extensions>
    </Filter>
    <Filter Include="Source Files\Easy">
      <UniqueIdentifier>{55ea2a03-f8d0-423b-b914-a6fde3ddd918}</UniqueIdentifier>
    </Filter>
    <Filter Include="Source Files\Middle">
      <UniqueIdentifier>{e15c9260-c9bb-47f7-92ce-8e9c17c28693}</UniqueIdentifier>
    </Filter>
    <Filter Include="Source Files\Hard">
      <UniqueIdentifier>{726167cb-aec5-4d0e-8f13-920bfd5b0259}</UniqueIdentifier>
    </Filter>
  </ItemGroup>
  <ItemGroup>
    <ClCompile Include="204 Count Primes.cpp">
      <Filter>Source Files\Easy</Filter>
    </ClCompile>
    <ClCompile Include="242 Valid Anagram.cpp">
      <Filter>Source Files\Easy</Filter>
    </ClCompile>
    <ClCompile Include="38 Count and Say.cpp">
      <Filter>Source Files\Easy</Filter>
    </ClCompile>
    <ClCompile Include="643 Maximum Average Subarray I.cpp">
      <Filter>Source Files\Easy</Filter>
    </ClCompile>
    <ClCompile Include="205 Isomorphic Strings.cpp">
      <Filter>Source Files\Easy</Filter>
    </ClCompile>
    <ClCompile Include="501 Find Mode in Binary Search Tree.cpp">
      <Filter>Source Files\Easy</Filter>
    </ClCompile>
    <ClCompile Include="743 Network Delay Time.cpp">
      <Filter>Source Files\Easy</Filter>
    </ClCompile>
    <ClCompile Include="374 Guess Number Higher or Lower.cpp">
      <Filter>Source Files\Easy</Filter>
    </ClCompile>
    <ClCompile Include="558 Quad Tree Intersection.cpp">
      <Filter>Source Files\Easy</Filter>
    </ClCompile>
    <ClCompile Include="172 Factorial Trailing Zeroes.cpp">
      <Filter>Source Files\Easy</Filter>
    </ClCompile>
    <ClCompile Include="441 Arranging Coins.cpp">
      <Filter>Source Files\Easy</Filter>
    </ClCompile>
    <ClCompile Include="225 Implement Stack using Queues.cpp">
      <Filter>Source Files\Easy</Filter>
    </ClCompile>
    <ClCompile Include="67 Add Binary.cpp">
      <Filter>Source Files\Easy</Filter>
    </ClCompile>
    <ClCompile Include="434 Number of Segments in a String.cpp">
      <Filter>Source Files\Easy</Filter>
    </ClCompile>
    <ClCompile Include="443 String Compression.cpp">
      <Filter>Source Files\Easy</Filter>
    </ClCompile>
    <ClCompile Include="303 Range Sum Query - Immutable.cpp">
      <Filter>Source Files\Easy</Filter>
    </ClCompile>
    <ClCompile Include="112 Path Sum.cpp">
      <Filter>Source Files\Easy</Filter>
    </ClCompile>
    <ClCompile Include="438 Find All Anagrams in a String.cpp">
      <Filter>Source Files\Easy</Filter>
    </ClCompile>
    <ClCompile Include="20 Valid Parentheses.cpp">
      <Filter>Source Files\Easy</Filter>
    </ClCompile>
    <ClCompile Include="840 Magic Squares In Grid.cpp">
      <Filter>Source Files\Easy</Filter>
    </ClCompile>
    <ClCompile Include="203 Remove Linked List Elements.cpp">
      <Filter>Source Files\Easy</Filter>
    </ClCompile>
    <ClCompile Include="141 Linked List Cycle.cpp">
      <Filter>Source Files\Easy</Filter>
    </ClCompile>
    <ClCompile Include="234 Palindrome Linked List.cpp">
      <Filter>Source Files\Easy</Filter>
    </ClCompile>
    <ClCompile Include="941 Valid Mountain Array.cpp">
      <Filter>Source Files\Easy</Filter>
    </ClCompile>
    <ClCompile Include="111 Minimum Depth of Binary Tree.cpp">
      <Filter>Source Files\Easy</Filter>
    </ClCompile>
    <ClCompile Include="155 Min Stack.cpp">
      <Filter>Source Files\Easy</Filter>
    </ClCompile>
    <ClCompile Include="290 Word Pattern.cpp">
      <Filter>Source Files\Easy</Filter>
    </ClCompile>
    <ClCompile Include="219 Contains Duplicate II.cpp">
      <Filter>Source Files\Easy</Filter>
    </ClCompile>
    <ClCompile Include="88 Merge Sorted Array.cpp">
      <Filter>Source Files\Easy</Filter>
    </ClCompile>
    <ClCompile Include="914 X of a Kind in a Deck of Cards.cpp">
      <Filter>Source Files\Easy</Filter>
    </ClCompile>
    <ClCompile Include="680 Valid Palindrome II.cpp">
      <Filter>Source Files\Easy</Filter>
    </ClCompile>
    <ClCompile Include="687 Longest Univalue Path.cpp">
      <Filter>Source Files\Easy</Filter>
    </ClCompile>
    <ClCompile Include="14 Longest Common Prefix.cpp">
      <Filter>Source Files\Easy</Filter>
    </ClCompile>
    <ClCompile Include="58 Length of Last Word.cpp">
      <Filter>Source Files\Easy</Filter>
    </ClCompile>
    <ClCompile Include="949 Largest Time for Given Digits.cpp">
      <Filter>Source Files\Easy</Filter>
    </ClCompile>
    <ClCompile Include="78 Subsets.cpp">
      <Filter>Source Files\Middle</Filter>
    </ClCompile>
    <ClCompile Include="926 Flip String to Monotone Increasing.cpp">
      <Filter>Source Files\Middle</Filter>
    </ClCompile>
    <ClCompile Include="845 Longest Mountain in Array.cpp">
      <Filter>Source Files\Middle</Filter>
    </ClCompile>
    <ClCompile Include="801 Minimum Swaps To Make Sequences Increasing.cpp">
      <Filter>Source Files\Middle</Filter>
    </ClCompile>
    <ClCompile Include="790 Domino and Tromino Tiling.cpp">
      <Filter>Source Files\Middle</Filter>
    </ClCompile>
    <ClCompile Include="160 Intersection of Two Linked Lists.cpp">
      <Filter>Source Files\Easy</Filter>
    </ClCompile>
    <ClCompile Include="2 Add Two Numbers.cpp">
      <Filter>Source Files\Middle</Filter>
    </ClCompile>
    <ClCompile Include="3 Longest Substring Without Repeating Characters.cpp">
      <Filter>Source Files\Middle</Filter>
    </ClCompile>
    <ClCompile Include="4 Median of Two Sorted Arrays.cpp">
      <Filter>Source Files\Hard</Filter>
    </ClCompile>
    <ClCompile Include="6 ZigZag Conversion.cpp">
      <Filter>Source Files\Middle</Filter>
    </ClCompile>
    <ClCompile Include="8 String to Integer (atoi).cpp">
      <Filter>Source Files\Middle</Filter>
    </ClCompile>
    <ClCompile Include="10 Regular Expression Matching.cpp">
      <Filter>Source Files\Hard</Filter>
    </ClCompile>
    <ClCompile Include="13 Roman to Integer.cpp">
      <Filter>Source Files\Middle</Filter>
    </ClCompile>
    <ClCompile Include="12 Integer to Roman.cpp">
      <Filter>Source Files\Middle</Filter>
    </ClCompile>
    <ClCompile Include="15 3Sum.cpp">
      <Filter>Source Files\Middle</Filter>
    </ClCompile>
    <ClCompile Include="16 3Sum Closest.cpp">
      <Filter>Source Files\Middle</Filter>
    </ClCompile>
    <ClCompile Include="17 Letter Combinations of a Phone Number.cpp">
      <Filter>Source Files\Middle</Filter>
    </ClCompile>
    <ClCompile Include="18 4Sum.cpp">
      <Filter>Source Files\Middle</Filter>
    </ClCompile>
    <ClCompile Include="19 Remove Nth Node From End of List.cpp">
      <Filter>Source Files\Middle</Filter>
    </ClCompile>
    <ClCompile Include="21 Merge Two Sorted Lists.cpp">
      <Filter>Source Files\Easy</Filter>
    </ClCompile>
    <ClCompile Include="22 Generate Parentheses.cpp">
      <Filter>Source Files\Middle</Filter>
    </ClCompile>
    <ClCompile Include="24 Swap Nodes in Pairs.cpp">
      <Filter>Source Files\Middle</Filter>
    </ClCompile>
    <ClCompile Include="26 Remove Duplicates from Sorted Array.cpp">
      <Filter>Source Files\Easy</Filter>
    </ClCompile>
    <ClCompile Include="27 Remove Element.cpp">
      <Filter>Source Files\Easy</Filter>
    </ClCompile>
    <ClCompile Include="28 Implement strStr().cpp">
      <Filter>Source Files\Easy</Filter>
    </ClCompile>
    <ClCompile Include="34 Find First and Last Position of Element in Sorted Array.cpp">
      <Filter>Source Files\Middle</Filter>
    </ClCompile>
    <ClCompile Include="33 Search in Rotated Sorted Array.cpp">
      <Filter>Source Files\Middle</Filter>
    </ClCompile>
    <ClCompile Include="35 Search Insert Position.cpp">
      <Filter>Source Files\Easy</Filter>
    </ClCompile>
    <ClCompile Include="36 Valid Sudoku.cpp">
      <Filter>Source Files\Middle</Filter>
    </ClCompile>
    <ClCompile Include="39 Combination Sum.cpp">
      <Filter>Source Files\Middle</Filter>
    </ClCompile>
    <ClCompile Include="40 Combination Sum II.cpp">
      <Filter>Source Files\Middle</Filter>
    </ClCompile>
    <ClCompile Include="46 Permutations.cpp">
      <Filter>Source Files\Middle</Filter>
    </ClCompile>
    <ClCompile Include="47 Permutations II.cpp">
      <Filter>Source Files\Middle</Filter>
    </ClCompile>
    <ClCompile Include="48 Rotate Image.cpp">
      <Filter>Source Files\Middle</Filter>
    </ClCompile>
    <ClCompile Include="49 Group Anagrams.cpp">
      <Filter>Source Files\Middle</Filter>
    </ClCompile>
    <ClCompile Include="50 Pow(x, n).cpp">
      <Filter>Source Files\Middle</Filter>
    </ClCompile>
    <ClCompile Include="51 N-Queens.cpp">
      <Filter>Source Files\Hard</Filter>
    </ClCompile>
    <ClCompile Include="52 N-Queens II.cpp">
      <Filter>Source Files\Hard</Filter>
    </ClCompile>
    <ClCompile Include="53 Maximum Subarray.cpp">
      <Filter>Source Files\Easy</Filter>
    </ClCompile>
    <ClCompile Include="54 Spiral Matrix.cpp">
      <Filter>Source Files\Middle</Filter>
    </ClCompile>
    <ClCompile Include="56 Merge Intervals.cpp">
      <Filter>Source Files\Middle</Filter>
    </ClCompile>
    <ClCompile Include="55 Jump Game.cpp">
      <Filter>Source Files\Middle</Filter>
    </ClCompile>
    <ClCompile Include="59 Spiral Matrix II.cpp">
      <Filter>Source Files\Middle</Filter>
    </ClCompile>
    <ClCompile Include="61 Rotate List.cpp">
      <Filter>Source Files\Middle</Filter>
    </ClCompile>
    <ClCompile Include="60 Permutation Sequence.cpp">
      <Filter>Source Files\Middle</Filter>
    </ClCompile>
    <ClCompile Include="63 Unique Paths II.cpp">
      <Filter>Source Files\Middle</Filter>
    </ClCompile>
    <ClCompile Include="64 Minimum Path Sum.cpp">
      <Filter>Source Files\Middle</Filter>
    </ClCompile>
    <ClCompile Include="66 Plus One.cpp">
      <Filter>Source Files\Middle</Filter>
    </ClCompile>
    <ClCompile Include="69 Sqrt(x).cpp">
      <Filter>Source Files\Easy</Filter>
    </ClCompile>
    <ClCompile Include="70 Climbing Stairs.cpp">
      <Filter>Source Files\Easy</Filter>
    </ClCompile>
    <ClCompile Include="71 Simplify Path.cpp">
      <Filter>Source Files\Middle</Filter>
    </ClCompile>
    <ClCompile Include="72 Edit Distance.cpp">
      <Filter>Source Files\Hard</Filter>
    </ClCompile>
    <ClCompile Include="73 Set Matrix Zeroes.cpp">
      <Filter>Source Files\Middle</Filter>
    </ClCompile>
    <ClCompile Include="74 Search a 2D Matrix.cpp">
      <Filter>Source Files\Middle</Filter>
    </ClCompile>
    <ClCompile Include="75 Sort Colors.cpp">
      <Filter>Source Files\Middle</Filter>
    </ClCompile>
    <ClCompile Include="77 Combinations.cpp">
      <Filter>Source Files\Middle</Filter>
    </ClCompile>
    <ClCompile Include="80 Remove Duplicates from Sorted Array II.cpp">
      <Filter>Source Files\Middle</Filter>
    </ClCompile>
    <ClCompile Include="81 Search in Rotated Sorted Array II.cpp">
      <Filter>Source Files\Middle</Filter>
    </ClCompile>
    <ClCompile Include="82 Remove Duplicates from Sorted List II.cpp">
      <Filter>Source Files\Middle</Filter>
    </ClCompile>
    <ClCompile Include="83 Remove Duplicates from Sorted List.cpp">
      <Filter>Source Files\Easy</Filter>
    </ClCompile>
    <ClCompile Include="84 Largest Rectangle in Histogram.cpp">
      <Filter>Source Files\Hard</Filter>
    </ClCompile>
    <ClCompile Include="86 Partition List.cpp">
      <Filter>Source Files\Middle</Filter>
    </ClCompile>
    <ClCompile Include="90 Subsets II.cpp">
      <Filter>Source Files\Middle</Filter>
    </ClCompile>
    <ClCompile Include="91 Decode Ways.cpp">
      <Filter>Source Files\Middle</Filter>
    </ClCompile>
    <ClCompile Include="92 Reverse Linked List II.cpp">
      <Filter>Source Files\Middle</Filter>
    </ClCompile>
    <ClCompile Include="93 Restore IP Addresses.cpp">
      <Filter>Source Files\Middle</Filter>
    </ClCompile>
    <ClCompile Include="94 Binary Tree Inorder Traversal.cpp">
      <Filter>Source Files\Middle</Filter>
    </ClCompile>
    <ClCompile Include="95 Unique Binary Search Trees II.cpp">
      <Filter>Source Files\Middle</Filter>
    </ClCompile>
    <ClCompile Include="96 Unique Binary Search Trees.cpp">
      <Filter>Source Files\Middle</Filter>
    </ClCompile>
    <ClCompile Include="98 Validate Binary Search Tree.cpp">
      <Filter>Source Files\Middle</Filter>
    </ClCompile>
    <ClCompile Include="100 Same Tree.cpp">
      <Filter>Source Files\Easy</Filter>
    </ClCompile>
    <ClCompile Include="99 Recover Binary Search Tree.cpp">
      <Filter>Source Files\Hard</Filter>
    </ClCompile>
    <ClCompile Include="101 Symmetric Tree.cpp">
      <Filter>Source Files\Easy</Filter>
    </ClCompile>
    <ClCompile Include="102 Binary Tree Level Order Traversal.cpp">
      <Filter>Source Files\Middle</Filter>
    </ClCompile>
    <ClCompile Include="103 Binary Tree Zigzag Level Order Traversal.cpp">
      <Filter>Source Files\Middle</Filter>
    </ClCompile>
    <ClCompile Include="104 Maximum Depth of Binary Tree.cpp">
      <Filter>Source Files\Easy</Filter>
    </ClCompile>
    <ClCompile Include="105 Construct Binary Tree from Preorder and Inorder Traversal.cpp">
      <Filter>Source Files\Middle</Filter>
    </ClCompile>
    <ClCompile Include="106 Construct Binary Tree from Inorder and Postorder Traversal.cpp">
      <Filter>Source Files\Middle</Filter>
    </ClCompile>
    <ClCompile Include="107 Binary Tree Level Order Traversal II.cpp">
      <Filter>Source Files\Easy</Filter>
    </ClCompile>
    <ClCompile Include="108 Convert Sorted Array to Binary Search Tree.cpp">
      <Filter>Source Files\Easy</Filter>
    </ClCompile>
    <ClCompile Include="109 Convert Sorted List to Binary Search Tree.cpp">
      <Filter>Source Files\Middle</Filter>
    </ClCompile>
    <ClCompile Include="110 Balanced Binary Tree.cpp">
      <Filter>Source Files\Easy</Filter>
    </ClCompile>
    <ClCompile Include="113 Path Sum II.cpp">
      <Filter>Source Files\Middle</Filter>
    </ClCompile>
    <ClCompile Include="114 Flatten Binary Tree to Linked List.cpp">
      <Filter>Source Files\Middle</Filter>
    </ClCompile>
    <ClCompile Include="116 Populating Next Right Pointers in Each Node.cpp">
      <Filter>Source Files\Middle</Filter>
    </ClCompile>
    <ClCompile Include="118 Pascal%27s Triangle.cpp">
      <Filter>Source Files\Easy</Filter>
    </ClCompile>
    <ClCompile Include="119 Pascal%27s Triangle II.cpp">
      <Filter>Source Files\Easy</Filter>
    </ClCompile>
    <ClCompile Include="120 Triangle.cpp">
      <Filter>Source Files\Middle</Filter>
    </ClCompile>
    <ClCompile Include="121 Best Time to Buy and Sell Stock.cpp">
      <Filter>Source Files\Easy</Filter>
    </ClCompile>
    <ClCompile Include="125 Valid Palindrome.cpp">
      <Filter>Source Files\Easy</Filter>
    </ClCompile>
    <ClCompile Include="128 Longest Consecutive Sequence.cpp">
      <Filter>Source Files\Hard</Filter>
    </ClCompile>
    <ClCompile Include="129 Sum Root to Leaf Numbers.cpp">
      <Filter>Source Files\Middle</Filter>
    </ClCompile>
    <ClCompile Include="130 Surrounded Regions.cpp">
      <Filter>Source Files\Middle</Filter>
    </ClCompile>
    <ClCompile Include="131 Palindrome Partitioning.cpp">
      <Filter>Source Files\Middle</Filter>
    </ClCompile>
    <ClCompile Include="134 Gas Station.cpp">
      <Filter>Source Files\Middle</Filter>
    </ClCompile>
    <ClCompile Include="135 Candy.cpp">
      <Filter>Source Files\Hard</Filter>
    </ClCompile>
    <ClCompile Include="136 Single Number.cpp">
      <Filter>Source Files\Easy</Filter>
    </ClCompile>
    <ClCompile Include="122 Best Time to Buy and Sell Stock II.cpp">
      <Filter>Source Files\Easy</Filter>
    </ClCompile>
    <ClCompile Include="133 Clone Graph.cpp">
      <Filter>Source Files\Middle</Filter>
    </ClCompile>
    <ClCompile Include="138 Copy List with Random Pointer.cpp">
      <Filter>Source Files\Middle</Filter>
    </ClCompile>
    <ClCompile Include="139 Word Break.cpp">
      <Filter>Source Files\Middle</Filter>
    </ClCompile>
    <ClCompile Include="140 Word Break II.cpp">
      <Filter>Source Files\Hard</Filter>
    </ClCompile>
    <ClCompile Include="142 Linked List Cycle II.cpp">
      <Filter>Source Files\Middle</Filter>
    </ClCompile>
    <ClCompile Include="143 Reorder List.cpp">
      <Filter>Source Files\Middle</Filter>
    </ClCompile>
    <ClCompile Include="144 Binary Tree Preorder Traversal.cpp">
      <Filter>Source Files\Middle</Filter>
    </ClCompile>
    <ClCompile Include="127 Word Ladder.cpp">
      <Filter>Source Files\Middle</Filter>
    </ClCompile>
    <ClCompile Include="150 Evaluate Reverse Polish Notation.cpp">
      <Filter>Source Files\Middle</Filter>
    </ClCompile>
    <ClCompile Include="151 Reverse Words in a String.cpp">
      <Filter>Source Files\Middle</Filter>
    </ClCompile>
    <ClCompile Include="152 Maximum Product Subarray.cpp">
      <Filter>Source Files\Middle</Filter>
    </ClCompile>
    <ClCompile Include="153 Find Minimum in Rotated Sorted Array.cpp">
      <Filter>Source Files\Middle</Filter>
    </ClCompile>
    <ClCompile Include="154 Find Minimum in Rotated Sorted Array II.cpp">
      <Filter>Source Files\Hard</Filter>
    </ClCompile>
    <ClCompile Include="162 Find Peak Element.cpp">
      <Filter>Source Files\Middle</Filter>
    </ClCompile>
    <ClCompile Include="165 Compare Version Numbers.cpp">
      <Filter>Source Files\Middle</Filter>
    </ClCompile>
    <ClCompile Include="164 Maximum Gap.cpp">
      <Filter>Source Files\Hard</Filter>
    </ClCompile>
    <ClCompile Include="167 Two Sum II - Input array is sorted.cpp">
      <Filter>Source Files\Easy</Filter>
    </ClCompile>
    <ClCompile Include="168 Excel Sheet Column Title.cpp">
      <Filter>Source Files\Easy</Filter>
    </ClCompile>
    <ClCompile Include="169 Majority Element.cpp">
      <Filter>Source Files\Easy</Filter>
    </ClCompile>
    <ClCompile Include="171 Excel Sheet Column Number.cpp">
      <Filter>Source Files\Easy</Filter>
    </ClCompile>
    <ClCompile Include="173 Binary Search Tree Iterator.cpp">
      <Filter>Source Files\Middle</Filter>
    </ClCompile>
    <ClCompile Include="174 Dungeon Game.cpp">
      <Filter>Source Files\Hard</Filter>
    </ClCompile>
    <ClCompile Include="179 Largest Number.cpp">
      <Filter>Source Files\Middle</Filter>
    </ClCompile>
    <ClCompile Include="187 Repeated DNA Sequences.cpp">
      <Filter>Source Files\Middle</Filter>
    </ClCompile>
    <ClCompile Include="189 Rotate Array.cpp">
      <Filter>Source Files\Easy</Filter>
    </ClCompile>
    <ClCompile Include="190 Reverse Bits.cpp">
      <Filter>Source Files\Easy</Filter>
    </ClCompile>
    <ClCompile Include="191 Number of 1 Bits.cpp">
      <Filter>Source Files\Easy</Filter>
    </ClCompile>
    <ClCompile Include="198 House Robber.cpp">
      <Filter>Source Files\Easy</Filter>
    </ClCompile>
    <ClCompile Include="199 Binary Tree Right Side View.cpp">
      <Filter>Source Files\Middle</Filter>
    </ClCompile>
    <ClCompile Include="200 Number of Islands.cpp">
      <Filter>Source Files\Middle</Filter>
    </ClCompile>
    <ClCompile Include="202 Happy Number.cpp">
      <Filter>Source Files\Easy</Filter>
    </ClCompile>
    <ClCompile Include="206 Reverse Linked List.cpp">
      <Filter>Source Files\Easy</Filter>
    </ClCompile>
    <ClCompile Include="208 Implement Trie (Prefix Tree).cpp">
      <Filter>Source Files\Middle</Filter>
    </ClCompile>
    <ClCompile Include="209 Minimum Size Subarray Sum.cpp">
      <Filter>Source Files\Middle</Filter>
    </ClCompile>
    <ClCompile Include="207 Course Schedule.cpp">
      <Filter>Source Files\Middle</Filter>
    </ClCompile>
    <ClCompile Include="210 Course Schedule II.cpp">
      <Filter>Source Files\Middle</Filter>
    </ClCompile>
    <ClCompile Include="211 Add and Search Word - Data structure design.cpp">
      <Filter>Source Files\Middle</Filter>
    </ClCompile>
    <ClCompile Include="215 Kth Largest Element in an Array.cpp">
      <Filter>Source Files\Middle</Filter>
    </ClCompile>
    <ClCompile Include="216 Combination Sum III.cpp">
      <Filter>Source Files\Middle</Filter>
    </ClCompile>
    <ClCompile Include="217 Contains Duplicate.cpp">
      <Filter>Source Files\Easy</Filter>
    </ClCompile>
    <ClCompile Include="220 Contains Duplicate III.cpp">
      <Filter>Source Files\Middle</Filter>
    </ClCompile>
    <ClCompile Include="221 Maximal Square.cpp">
      <Filter>Source Files\Middle</Filter>
    </ClCompile>
    <ClCompile Include="222 Count Complete Tree Nodes.cpp">
      <Filter>Source Files\Middle</Filter>
    </ClCompile>
    <ClCompile Include="223 Rectangle Area.cpp">
      <Filter>Source Files\Middle</Filter>
    </ClCompile>
    <ClCompile Include="226 Invert Binary Tree.cpp">
      <Filter>Source Files\Easy</Filter>
    </ClCompile>
    <ClCompile Include="227 Basic Calculator II.cpp">
      <Filter>Source Files\Middle</Filter>
    </ClCompile>
    <ClCompile Include="228 Summary Ranges.cpp">
      <Filter>Source Files\Middle</Filter>
    </ClCompile>
    <ClCompile Include="229 Majority Element II.cpp">
      <Filter>Source Files\Middle</Filter>
    </ClCompile>
    <ClCompile Include="230 Kth Smallest Element in a BST.cpp">
      <Filter>Source Files\Middle</Filter>
    </ClCompile>
    <ClCompile Include="231 Power of Two.cpp">
      <Filter>Source Files\Easy</Filter>
    </ClCompile>
    <ClCompile Include="232 Implement Queue using Stacks.cpp">
      <Filter>Source Files\Easy</Filter>
    </ClCompile>
    <ClCompile Include="235 Lowest Common Ancestor of a Binary Search Tree.cpp">
      <Filter>Source Files\Easy</Filter>
    </ClCompile>
    <ClCompile Include="236 Lowest Common Ancestor of a Binary Tree.cpp">
      <Filter>Source Files\Middle</Filter>
    </ClCompile>
    <ClCompile Include="238 Product of Array Except Self.cpp">
      <Filter>Source Files\Middle</Filter>
    </ClCompile>
    <ClCompile Include="239 Sliding Window Maximum.cpp">
      <Filter>Source Files\Hard</Filter>
    </ClCompile>
    <ClCompile Include="240 Search a 2D Matrix II.cpp">
      <Filter>Source Files\Middle</Filter>
    </ClCompile>
    <ClCompile Include="237 Delete Node in a Linked List.cpp">
      <Filter>Source Files\Easy</Filter>
    </ClCompile>
    <ClCompile Include="241 Different Ways to Add Parentheses.cpp">
      <Filter>Source Files\Middle</Filter>
    </ClCompile>
    <ClCompile Include="257 Binary Tree Paths.cpp">
      <Filter>Source Files\Easy</Filter>
    </ClCompile>
    <ClCompile Include="258 Add Digits.cpp">
      <Filter>Source Files\Easy</Filter>
    </ClCompile>
    <ClCompile Include="260 Single Number III.cpp">
      <Filter>Source Files\Middle</Filter>
    </ClCompile>
    <ClCompile Include="263 Ugly Number.cpp">
      <Filter>Source Files\Easy</Filter>
    </ClCompile>
    <ClCompile Include="264 Ugly Number II.cpp">
      <Filter>Source Files\Middle</Filter>
    </ClCompile>
    <ClCompile Include="268 Missing Number.cpp">
      <Filter>Source Files\Easy</Filter>
    </ClCompile>
    <ClCompile Include="274 H-Index.cpp">
      <Filter>Source Files\Middle</Filter>
    </ClCompile>
    <ClCompile Include="278 First Bad Version.cpp">
      <Filter>Source Files\Easy</Filter>
    </ClCompile>
    <ClCompile Include="279 Perfect Squares.cpp">
      <Filter>Source Files\Middle</Filter>
    </ClCompile>
    <ClCompile Include="283 Move Zeroes.cpp">
      <Filter>Source Files\Easy</Filter>
    </ClCompile>
    <ClCompile Include="287 Find the Duplicate Number.cpp">
      <Filter>Source Files\Middle</Filter>
    </ClCompile>
    <ClCompile Include="289 Game of Life.cpp">
      <Filter>Source Files\Middle</Filter>
    </ClCompile>
    <ClCompile Include="292 Nim Game.cpp">
      <Filter>Source Files\Easy</Filter>
    </ClCompile>
    <ClCompile Include="295 Find Median from Data Stream.cpp">
      <Filter>Source Files\Hard</Filter>
    </ClCompile>
    <ClCompile Include="299 Bulls and Cows.cpp">
      <Filter>Source Files\Middle</Filter>
    </ClCompile>
    <ClCompile Include="300 Longest Increasing Subsequence.cpp">
      <Filter>Source Files\Middle</Filter>
    </ClCompile>
    <ClCompile Include="304 Range Sum Query 2D - Immutable.cpp">
      <Filter>Source Files\Middle</Filter>
    </ClCompile>
    <ClCompile Include="307 Range Sum Query - Mutable.cpp">
      <Filter>Source Files\Middle</Filter>
    </ClCompile>
    <ClCompile Include="309 Best Time to Buy and Sell Stock with Cooldown.cpp">
      <Filter>Source Files\Middle</Filter>
    </ClCompile>
    <ClCompile Include="310 Minimum Height Trees.cpp">
      <Filter>Source Files\Middle</Filter>
    </ClCompile>
    <ClCompile Include="313 Super Ugly Number.cpp">
      <Filter>Source Files\Middle</Filter>
    </ClCompile>
    <ClCompile Include="316 Remove Duplicate Letters.cpp">
      <Filter>Source Files\Hard</Filter>
    </ClCompile>
    <ClCompile Include="318 Maximum Product of Word Lengths.cpp">
      <Filter>Source Files\Middle</Filter>
    </ClCompile>
    <ClCompile Include="319 Bulb Switcher.cpp">
      <Filter>Source Files\Middle</Filter>
    </ClCompile>
    <ClCompile Include="322 Coin Change.cpp">
      <Filter>Source Files\Middle</Filter>
    </ClCompile>
    <ClCompile Include="324 Wiggle Sort II.cpp">
      <Filter>Source Files\Middle</Filter>
    </ClCompile>
    <ClCompile Include="326 Power of Three.cpp">
      <Filter>Source Files\Easy</Filter>
    </ClCompile>
    <ClCompile Include="328 Odd Even Linked List.cpp">
      <Filter>Source Files\Middle</Filter>
    </ClCompile>
    <ClCompile Include="329 Longest Increasing Path in a Matrix.cpp">
      <Filter>Source Files\Hard</Filter>
    </ClCompile>
    <ClCompile Include="331 Verify Preorder Serialization of a Binary Tree.cpp">
      <Filter>Source Files\Middle</Filter>
    </ClCompile>
    <ClCompile Include="334 Increasing Triplet Subsequence.cpp">
      <Filter>Source Files\Middle</Filter>
    </ClCompile>
    <ClCompile Include="338 Counting Bits.cpp">
      <Filter>Source Files\Middle</Filter>
    </ClCompile>
    <ClCompile Include="342 Power of Four.cpp">
      <Filter>Source Files\Easy</Filter>
    </ClCompile>
    <ClCompile Include="343 Integer Break.cpp">
      <Filter>Source Files\Middle</Filter>
    </ClCompile>
    <ClCompile Include="337 House Robber III.cpp">
      <Filter>Source Files\Middle</Filter>
    </ClCompile>
    <ClCompile Include="344 Reverse String.cpp">
      <Filter>Source Files\Easy</Filter>
    </ClCompile>
    <ClCompile Include="345 Reverse Vowels of a String.cpp">
      <Filter>Source Files\Easy</Filter>
    </ClCompile>
    <ClCompile Include="347 Top K Frequent Elements.cpp">
      <Filter>Source Files\Middle</Filter>
    </ClCompile>
    <ClCompile Include="349 Intersection of Two Arrays.cpp">
      <Filter>Source Files\Easy</Filter>
    </ClCompile>
    <ClCompile Include="350 Intersection of Two Arrays II.cpp">
      <Filter>Source Files\Easy</Filter>
    </ClCompile>
    <ClCompile Include="357 Count Numbers with Unique Digits.cpp">
      <Filter>Source Files\Middle</Filter>
    </ClCompile>
    <ClCompile Include="365 Water and Jug Problem.cpp">
      <Filter>Source Files\Middle</Filter>
    </ClCompile>
    <ClCompile Include="367 Valid Perfect Square.cpp">
      <Filter>Source Files\Easy</Filter>
    </ClCompile>
    <ClCompile Include="372 Super Pow.cpp">
      <Filter>Source Files\Middle</Filter>
    </ClCompile>
    <ClCompile Include="373 Find K Pairs with Smallest Sums.cpp">
      <Filter>Source Files\Middle</Filter>
    </ClCompile>
    <ClCompile Include="368 Largest Divisible Subset.cpp">
      <Filter>Source Files\Middle</Filter>
    </ClCompile>
    <ClCompile Include="375 Guess Number Higher or Lower II.cpp">
      <Filter>Source Files\Middle</Filter>
    </ClCompile>
    <ClCompile Include="377 Combination Sum IV.cpp">
      <Filter>Source Files\Middle</Filter>
    </ClCompile>
    <ClCompile Include="378 Kth Smallest Element in a Sorted Matrix.cpp">
      <Filter>Source Files\Middle</Filter>
    </ClCompile>
    <ClCompile Include="380 Insert Delete GetRandom O(1).cpp">
      <Filter>Source Files\Middle</Filter>
    </ClCompile>
    <ClCompile Include="382 Linked List Random Node.cpp">
      <Filter>Source Files\Middle</Filter>
    </ClCompile>
    <ClCompile Include="383 Ransom Note.cpp">
      <Filter>Source Files\Easy</Filter>
    </ClCompile>
    <ClCompile Include="384 Shuffle an Array.cpp">
      <Filter>Source Files\Middle</Filter>
    </ClCompile>
    <ClCompile Include="387 First Unique Character in a String.cpp">
      <Filter>Source Files\Easy</Filter>
    </ClCompile>
    <ClCompile Include="389 Find the Difference.cpp">
      <Filter>Source Files\Easy</Filter>
    </ClCompile>
    <ClCompile Include="390 Elimination Game.cpp">
      <Filter>Source Files\Middle</Filter>
    </ClCompile>
    <ClCompile Include="392 Is Subsequence.cpp">
      <Filter>Source Files\Middle</Filter>
    </ClCompile>
    <ClCompile Include="396 Rotate Function.cpp">
      <Filter>Source Files\Middle</Filter>
    </ClCompile>
    <ClCompile Include="397 Integer Replacement.cpp">
      <Filter>Source Files\Middle</Filter>
    </ClCompile>
  </ItemGroup>
  <ItemGroup>
    <None Include="62.Unique Paths.cpp">
      <Filter>Source Files\Middle</Filter>
    </None>
  </ItemGroup>
</Project>